
Microsoft Visual Studio Solution File, Format Version 12.00
# Visual Studio Version 16
VisualStudioVersion = 16.0.30611.23
MinimumVisualStudioVersion = 15.0.26124.0
Project("{FAE04EC0-301F-11D3-BF4B-00C04F79EFBC}") = "Programma_7.Objects", "Objects/Programma_7.Objects.csproj", "741b02c2-a249-4101-9d19-81dc9bd33a4f"
EndProject
Project("{FAE04EC0-301F-11D3-BF4B-00C04F79EFBC}") = "Programma_7.Tests", "Tests/Programma_7.Tests.csproj", "6c8e674f-4165-471f-9607-899414ca09eb"
EndProject
Project("{FAE04EC0-301F-11D3-BF4B-00C04F79EFBC}") = "Programma_7.ODataBackend", "ODataBackend/Programma_7.ODataBackend.csproj", "6a4e9c7d-453d-4559-9265-c7f556519009"
EndProject
Project("{FAE04EC0-301F-11D3-BF4B-00C04F79EFBC}") = "Programma_7.IntegrationTests", "IntegrationTests/Programma_7.IntegrationTests.csproj", "ca9ddf2b-ceaf-4183-b77f-9d85fa8520c0"
EndProject
Global
	GlobalSection(SolutionConfigurationPlatforms) = preSolution
Debug|Any CPU = Debug|Any CPU
Release|Any CPU = Release|Any CPU
	EndGlobalSection
	GlobalSection(ProjectConfigurationPlatforms) = postSolution
		741b02c2-a249-4101-9d19-81dc9bd33a4f.Debug|Any CPU.ActiveCfg = Debug|Any CPU
		741b02c2-a249-4101-9d19-81dc9bd33a4f.Debug|Any CPU.Build.0 = Debug|Any CPU
		741b02c2-a249-4101-9d19-81dc9bd33a4f.Release|Any CPU.ActiveCfg = Release|Any CPU
		741b02c2-a249-4101-9d19-81dc9bd33a4f.Release|Any CPU.Build.0 = Release|Any CPU
		6c8e674f-4165-471f-9607-899414ca09eb.Debug|Any CPU.ActiveCfg = Debug|Any CPU
		6c8e674f-4165-471f-9607-899414ca09eb.Debug|Any CPU.Build.0 = Debug|Any CPU
		6c8e674f-4165-471f-9607-899414ca09eb.Release|Any CPU.ActiveCfg = Release|Any CPU
		6c8e674f-4165-471f-9607-899414ca09eb.Release|Any CPU.Build.0 = Release|Any CPU
		6a4e9c7d-453d-4559-9265-c7f556519009.Debug|Any CPU.ActiveCfg = Debug|Any CPU
		6a4e9c7d-453d-4559-9265-c7f556519009.Debug|Any CPU.Build.0 = Debug|Any CPU
		6a4e9c7d-453d-4559-9265-c7f556519009.Release|Any CPU.ActiveCfg = Release|Any CPU
		6a4e9c7d-453d-4559-9265-c7f556519009.Release|Any CPU.Build.0 = Release|Any CPU
		ca9ddf2b-ceaf-4183-b77f-9d85fa8520c0.Debug|Any CPU.ActiveCfg = Debug|Any CPU
		ca9ddf2b-ceaf-4183-b77f-9d85fa8520c0.Debug|Any CPU.Build.0 = Debug|Any CPU
		ca9ddf2b-ceaf-4183-b77f-9d85fa8520c0.Release|Any CPU.ActiveCfg = Release|Any CPU
		ca9ddf2b-ceaf-4183-b77f-9d85fa8520c0.Release|Any CPU.Build.0 = Release|Any CPU
	EndGlobalSection
	GlobalSection(SolutionProperties) = preSolution
		HideSolutionNode = FALSE
	EndGlobalSection
EndGlobal
